<?xml version="1.0" encoding="utf-8"?>
<Project ToolsVersion="4.0" xmlns="http://schemas.microsoft.com/developer/msbuild/2003">
  <ItemGroup>
    <Filter Include="Source Files">
      <UniqueIdentifier>{4FC737F1-C7A5-4376-A066-2A32D752A2FF}</UniqueIdentifier>
      <Extensions>cpp;c;cc;cxx;def;odl;idl;hpj;bat;asm;asmx</Extensions>
    </Filter>
    <Filter Include="Header Files">
      <UniqueIdentifier>{93995380-89BD-4b04-88EB-625FBE52EBFB}</UniqueIdentifier>
      <Extensions>h;hh;hpp;hxx;hm;inl;inc;xsd</Extensions>
    </Filter>
    <Filter Include="Resource Files">
      <UniqueIdentifier>{67DA6AB6-F800-4c08-8B7A-83BB121AAD01}</UniqueIdentifier>
      <Extensions>rc;ico;cur;bmp;dlg;rc2;rct;bin;rgs;gif;jpg;jpeg;jpe;resx;tiff;tif;png;wav;mfcribbon-ms</Extensions>
    </Filter>
    <Filter Include="Export Header Files">
      <UniqueIdentifier>{d04d7f03-1d41-4577-a337-92aaf9ee7899}</UniqueIdentifier>
    </Filter>
    <Filter Include="Export Header Files\Geometry">
      <UniqueIdentifier>{f0ae9a41-7f9d-49ae-bdd4-e08d2a6897a1}</UniqueIdentifier>
    </Filter>
    <Filter Include="Export Header Files\PixelPipeline">
      <UniqueIdentifier>{742d3c81-b819-4202-84e4-7ac1c577fd07}</UniqueIdentifier>
    </Filter>
    <Filter Include="Export Header Files\Math">
      <UniqueIdentifier>{813b9e6e-32a0-44d6-b005-fae13a93a988}</UniqueIdentifier>
    </Filter>
    <Filter Include="Export Header Files\Utils">
      <UniqueIdentifier>{43db29c0-820d-4021-9345-7f6af508e1c9}</UniqueIdentifier>
    </Filter>
  </ItemGroup>
  <ItemGroup>
    <ClInclude Include="..\include\CloseGL.h">
      <Filter>Export Header Files</Filter>
    </ClInclude>
    <ClInclude Include="..\include\PixelFormats.h">
      <Filter>Export Header Files</Filter>
    </ClInclude>
    <ClInclude Include="..\include\PixelArray.h">
      <Filter>Export Header Files</Filter>
    </ClInclude>
    <ClInclude Include="..\include\Surface.h">
      <Filter>Export Header Files</Filter>
    </ClInclude>
    <ClInclude Include="..\include\GeometryDataFormat.h">
      <Filter>Export Header Files\Geometry</Filter>
    </ClInclude>
    <ClInclude Include="..\include\GeometryPipeline.h">
      <Filter>Export Header Files\Geometry</Filter>
    </ClInclude>
    <ClInclude Include="..\include\GeometryPass.h">
      <Filter>Export Header Files\Geometry</Filter>
    </ClInclude>
    <ClInclude Include="..\include\VertexShader.h">
      <Filter>Export Header Files\Geometry</Filter>
    </ClInclude>
    <ClInclude Include="..\include\PrimitiveStriper.h">
      <Filter>Export Header Files\Geometry</Filter>
    </ClInclude>
    <ClInclude Include="..\include\FrameBuffer.h">
      <Filter>Export Header Files\PixelPipeline</Filter>
    </ClInclude>
    <ClInclude Include="..\include\PixelPipeline.h">
      <Filter>Export Header Files\PixelPipeline</Filter>
    </ClInclude>
    <ClInclude Include="..\include\LineRasterizater.h">
      <Filter>Export Header Files\PixelPipeline</Filter>
    </ClInclude>
    <ClInclude Include="..\include\TriangleRasterizater.h">
      <Filter>Export Header Files\PixelPipeline</Filter>
    </ClInclude>
    <ClInclude Include="..\include\MathUtils.h">
      <Filter>Export Header Files\Math</Filter>
    </ClInclude>
    <ClInclude Include="..\include\Vectors.h">
      <Filter>Export Header Files\Math</Filter>
    </ClInclude>
    <ClInclude Include="..\include\PrimitiveSpliter.h">
      <Filter>Export Header Files\Utils</Filter>
    </ClInclude>
  </ItemGroup>
  <ItemGroup>
    <ClCompile Include="LineRasterizater.cpp">
      <Filter>Source Files</Filter>
    </ClCompile>
    <ClCompile Include="PrimitiveSpliter.cpp">
      <Filter>Source Files</Filter>
    </ClCompile>
  </ItemGroup>
</Project>